
Microsoft Visual Studio Solution File, Format Version 12.00
# Visual Studio 14
VisualStudioVersion = 14.0.24720.0
MinimumVisualStudioVersion = 10.0.40219.1
Project("{FAE04EC0-301F-11D3-BF4B-00C04F79EFBC}") = "Gitflow-Practice", "Gitflow-Practice\Gitflow-Practice.csproj", "{A2D85425-2E72-4A18-A944-901FEFAFB444}"
EndProject
Global
	GlobalSection(SolutionConfigurationPlatforms) = preSolution
		Debug|Any CPU = Debug|Any CPU
		Release|Any CPU = Release|Any CPU
	EndGlobalSection
	GlobalSection(ProjectConfigurationPlatforms) = postSolution
		{A2D85425-2E72-4A18-A944-901FEFAFB444}.Debug|Any CPU.ActiveCfg = Debug|Any CPU
		{A2D85425-2E72-4A18-A944-901FEFAFB444}.Debug|Any CPU.Build.0 = Debug|Any CPU
		{A2D85425-2E72-4A18-A944-901FEFAFB444}.Release|Any CPU.ActiveCfg = Release|Any CPU
		{A2D85425-2E72-4A18-A944-901FEFAFB444}.Release|Any CPU.Build.0 = Release|Any CPU
	EndGlobalSection
	GlobalSection(SolutionProperties) = preSolution
		HideSolutionNode = FALSE
	EndGlobalSection
EndGlobal
